
Microsoft Visual Studio Solution File, Format Version 12.00
# Visual Studio Version 17
VisualStudioVersion = 17.3.32922.545
MinimumVisualStudioVersion = 10.0.40219.1
Project("{9A19103F-16F7-4668-BE54-9A1E7A4F7556}") = "Data", "Proyecto2022\Data.csproj", "{C05F9902-A143-4247-91B9-96502C4BFA1E}"
EndProject
Project("{FAE04EC0-301F-11D3-BF4B-00C04F79EFBC}") = "Desktop", "Desktop\Desktop.csproj", "{0D37BCF2-18FE-4E0B-869F-1E9B847C2F16}"
EndProject
Global
	GlobalSection(SolutionConfigurationPlatforms) = preSolution
		Debug|Any CPU = Debug|Any CPU
		Release|Any CPU = Release|Any CPU
	EndGlobalSection
	GlobalSection(ProjectConfigurationPlatforms) = postSolution
		{C05F9902-A143-4247-91B9-96502C4BFA1E}.Debug|Any CPU.ActiveCfg = Debug|Any CPU
		{C05F9902-A143-4247-91B9-96502C4BFA1E}.Debug|Any CPU.Build.0 = Debug|Any CPU
		{C05F9902-A143-4247-91B9-96502C4BFA1E}.Release|Any CPU.ActiveCfg = Release|Any CPU
		{C05F9902-A143-4247-91B9-96502C4BFA1E}.Release|Any CPU.Build.0 = Release|Any CPU
		{0D37BCF2-18FE-4E0B-869F-1E9B847C2F16}.Debug|Any CPU.ActiveCfg = Debug|Any CPU
		{0D37BCF2-18FE-4E0B-869F-1E9B847C2F16}.Debug|Any CPU.Build.0 = Debug|Any CPU
		{0D37BCF2-18FE-4E0B-869F-1E9B847C2F16}.Release|Any CPU.ActiveCfg = Release|Any CPU
		{0D37BCF2-18FE-4E0B-869F-1E9B847C2F16}.Release|Any CPU.Build.0 = Release|Any CPU
	EndGlobalSection
	GlobalSection(SolutionProperties) = preSolution
		HideSolutionNode = FALSE
	EndGlobalSection
	GlobalSection(ExtensibilityGlobals) = postSolution
		SolutionGuid = {BF033E15-BFC1-44A0-8D71-25EA5A7FCE56}
	EndGlobalSection
EndGlobal
